
Microsoft Visual Studio Solution File, Format Version 12.00
# Visual Studio Version 17
VisualStudioVersion = 17.1.32421.90
MinimumVisualStudioVersion = 10.0.40219.1
Project("{FAE04EC0-301F-11D3-BF4B-00C04F79EFBC}") = "WS2425 Aufgabe 2", "WS2425 Aufgabe 2.csproj", "{6259CA37-D2D0-4C1A-8FE2-00375FBB9ED4}"
EndProject
Global
	GlobalSection(SolutionConfigurationPlatforms) = preSolution
		Debug|Any CPU = Debug|Any CPU
		Release|Any CPU = Release|Any CPU
	EndGlobalSection
	GlobalSection(ProjectConfigurationPlatforms) = postSolution
		{6259CA37-D2D0-4C1A-8FE2-00375FBB9ED4}.Debug|Any CPU.ActiveCfg = Debug|Any CPU
		{6259CA37-D2D0-4C1A-8FE2-00375FBB9ED4}.Debug|Any CPU.Build.0 = Debug|Any CPU
		{6259CA37-D2D0-4C1A-8FE2-00375FBB9ED4}.Release|Any CPU.ActiveCfg = Release|Any CPU
		{6259CA37-D2D0-4C1A-8FE2-00375FBB9ED4}.Release|Any CPU.Build.0 = Release|Any CPU
	EndGlobalSection
	GlobalSection(SolutionProperties) = preSolution
		HideSolutionNode = FALSE
	EndGlobalSection
	GlobalSection(ExtensibilityGlobals) = postSolution
		SolutionGuid = {C25B0276-475E-40C2-A0A3-6AD41BAD9431}
	EndGlobalSection
EndGlobal
